
Microsoft Visual Studio Solution File, Format Version 12.00
# Visual Studio Version 16
VisualStudioVersion = 16.0.31729.503
MinimumVisualStudioVersion = 10.0.40219.1
Project("{8BC9CEB8-8B4A-11D0-8D11-00A0C91BC942}") = "du-ktere_cislo_je_vetsi", "du-ktere_cislo_je_vetsi\du-ktere_cislo_je_vetsi.vcxproj", "{1DD93319-1B28-4963-B243-D90F58A65502}"
EndProject
Global
	GlobalSection(SolutionConfigurationPlatforms) = preSolution
		Debug|x64 = Debug|x64
		Debug|x86 = Debug|x86
		Release|x64 = Release|x64
		Release|x86 = Release|x86
	EndGlobalSection
	GlobalSection(ProjectConfigurationPlatforms) = postSolution
		{1DD93319-1B28-4963-B243-D90F58A65502}.Debug|x64.ActiveCfg = Debug|x64
		{1DD93319-1B28-4963-B243-D90F58A65502}.Debug|x64.Build.0 = Debug|x64
		{1DD93319-1B28-4963-B243-D90F58A65502}.Debug|x86.ActiveCfg = Debug|Win32
		{1DD93319-1B28-4963-B243-D90F58A65502}.Debug|x86.Build.0 = Debug|Win32
		{1DD93319-1B28-4963-B243-D90F58A65502}.Release|x64.ActiveCfg = Release|x64
		{1DD93319-1B28-4963-B243-D90F58A65502}.Release|x64.Build.0 = Release|x64
		{1DD93319-1B28-4963-B243-D90F58A65502}.Release|x86.ActiveCfg = Release|Win32
		{1DD93319-1B28-4963-B243-D90F58A65502}.Release|x86.Build.0 = Release|Win32
	EndGlobalSection
	GlobalSection(SolutionProperties) = preSolution
		HideSolutionNode = FALSE
	EndGlobalSection
	GlobalSection(ExtensibilityGlobals) = postSolution
		SolutionGuid = {C3E7021F-6DAD-4E87-9761-3C470E714D61}
	EndGlobalSection
EndGlobal
